// !$*UTF8*$!
{
	archiveVersion = 1;
	classes = {
	};
	objectVersion = 50;
	objects = {

/* Begin PBXBuildFile section */
		6984C37D26C92E440012E9F5 /* AppDelegate.swift in Sources */ = {isa = PBXBuildFile; fileRef = 6984C37C26C92E440012E9F5 /* AppDelegate.swift */; };
		6984C37F26C92E440012E9F5 /* SceneDelegate.swift in Sources */ = {isa = PBXBuildFile; fileRef = 6984C37E26C92E440012E9F5 /* SceneDelegate.swift */; };
		6984C38126C92E440012E9F5 /* ContentView.swift in Sources */ = {isa = PBXBuildFile; fileRef = 6984C38026C92E440012E9F5 /* ContentView.swift */; };
		6984C38326C92E470012E9F5 /* Assets.xcassets in Resources */ = {isa = PBXBuildFile; fileRef = 6984C38226C92E470012E9F5 /* Assets.xcassets */; };
		6984C38626C92E470012E9F5 /* Preview Assets.xcassets in Resources */ = {isa = PBXBuildFile; fileRef = 6984C38526C92E470012E9F5 /* Preview Assets.xcassets */; };
		6984C38926C92E470012E9F5 /* LaunchScreen.storyboard in Resources */ = {isa = PBXBuildFile; fileRef = 6984C38726C92E470012E9F5 /* LaunchScreen.storyboard */; };
		6984C39426C92E470012E9F5 /* abstract_factoryTests.swift in Sources */ = {isa = PBXBuildFile; fileRef = 6984C39326C92E470012E9F5 /* abstract_factoryTests.swift */; };
		6984C39F26C92E470012E9F5 /* abstract_factoryUITests.swift in Sources */ = {isa = PBXBuildFile; fileRef = 6984C39E26C92E470012E9F5 /* abstract_factoryUITests.swift */; };
/* End PBXBuildFile section */

/* Begin PBXContainerItemProxy section */
		6984C39026C92E470012E9F5 /* PBXContainerItemProxy */ = {
			isa = PBXContainerItemProxy;
			containerPortal = 6984C37126C92E440012E9F5 /* Project object */;
			proxyType = 1;
			remoteGlobalIDString = 6984C37826C92E440012E9F5;
			remoteInfo = "abstract-factory";
		};
		6984C39B26C92E470012E9F5 /* PBXContainerItemProxy */ = {
			isa = PBXContainerItemProxy;
			containerPortal = 6984C37126C92E440012E9F5 /* Project object */;
			proxyType = 1;
			remoteGlobalIDString = 6984C37826C92E440012E9F5;
			remoteInfo = "abstract-factory";
		};
/* End PBXContainerItemProxy section */

/* Begin PBXFileReference section */
		6984C37926C92E440012E9F5 /* abstract-factory.app */ = {isa = PBXFileReference; explicitFileType = wrapper.application; includeInIndex = 0; path = "abstract-factory.app"; sourceTree = BUILT_PRODUCTS_DIR; };
		6984C37C26C92E440012E9F5 /* AppDelegate.swift */ = {isa = PBXFileReference; lastKnownFileType = sourcecode.swift; path = AppDelegate.swift; sourceTree = "<group>"; };
		6984C37E26C92E440012E9F5 /* SceneDelegate.swift */ = {isa = PBXFileReference; lastKnownFileType = sourcecode.swift; path = SceneDelegate.swift; sourceTree = "<group>"; };
		6984C38026C92E440012E9F5 /* ContentView.swift */ = {isa = PBXFileReference; lastKnownFileType = sourcecode.swift; path = ContentView.swift; sourceTree = "<group>"; };
		6984C38226C92E470012E9F5 /* Assets.xcassets */ = {isa = PBXFileReference; lastKnownFileType = folder.assetcatalog; path = Assets.xcassets; sourceTree = "<group>"; };
		6984C38526C92E470012E9F5 /* Preview Assets.xcassets */ = {isa = PBXFileReference; lastKnownFileType = folder.assetcatalog; path = "Preview Assets.xcassets"; sourceTree = "<group>"; };
		6984C38826C92E470012E9F5 /* Base */ = {isa = PBXFileReference; lastKnownFileType = file.storyboard; name = Base; path = Base.lproj/LaunchScreen.storyboard; sourceTree = "<group>"; };
		6984C38A26C92E470012E9F5 /* Info.plist */ = {isa = PBXFileReference; lastKnownFileType = text.plist.xml; path = Info.plist; sourceTree = "<group>"; };
		6984C38F26C92E470012E9F5 /* abstract-factoryTests.xctest */ = {isa = PBXFileReference; explicitFileType = wrapper.cfbundle; includeInIndex = 0; path = "abstract-factoryTests.xctest"; sourceTree = BUILT_PRODUCTS_DIR; };
		6984C39326C92E470012E9F5 /* abstract_factoryTests.swift */ = {isa = PBXFileReference; lastKnownFileType = sourcecode.swift; path = abstract_factoryTests.swift; sourceTree = "<group>"; };
		6984C39526C92E470012E9F5 /* Info.plist */ = {isa = PBXFileReference; lastKnownFileType = text.plist.xml; path = Info.plist; sourceTree = "<group>"; };
		6984C39A26C92E470012E9F5 /* abstract-factoryUITests.xctest */ = {isa = PBXFileReference; explicitFileType = wrapper.cfbundle; includeInIndex = 0; path = "abstract-factoryUITests.xctest"; sourceTree = BUILT_PRODUCTS_DIR; };
		6984C39E26C92E470012E9F5 /* abstract_factoryUITests.swift */ = {isa = PBXFileReference; lastKnownFileType = sourcecode.swift; path = abstract_factoryUITests.swift; sourceTree = "<group>"; };
		6984C3A026C92E470012E9F5 /* Info.plist */ = {isa = PBXFileReference; lastKnownFileType = text.plist.xml; path = Info.plist; sourceTree = "<group>"; };
/* End PBXFileReference section */

/* Begin PBXFrameworksBuildPhase section */
		6984C37626C92E440012E9F5 /* Frameworks */ = {
			isa = PBXFrameworksBuildPhase;
			buildActionMask = 2147483647;
			files = (
			);
			runOnlyForDeploymentPostprocessing = 0;
		};
		6984C38C26C92E470012E9F5 /* Frameworks */ = {
			isa = PBXFrameworksBuildPhase;
			buildActionMask = 2147483647;
			files = (
			);
			runOnlyForDeploymentPostprocessing = 0;
		};
		6984C39726C92E470012E9F5 /* Frameworks */ = {
			isa = PBXFrameworksBuildPhase;
			buildActionMask = 2147483647;
			files = (
			);
			runOnlyForDeploymentPostprocessing = 0;
		};
/* End PBXFrameworksBuildPhase section */

/* Begin PBXGroup section */
		6984C37026C92E440012E9F5 = {
			isa = PBXGroup;
			children = (
				6984C37B26C92E440012E9F5 /* abstract-factory */,
				6984C39226C92E470012E9F5 /* abstract-factoryTests */,
				6984C39D26C92E470012E9F5 /* abstract-factoryUITests */,
				6984C37A26C92E440012E9F5 /* Products */,
			);
			sourceTree = "<group>";
		};
		6984C37A26C92E440012E9F5 /* Products */ = {
			isa = PBXGroup;
			children = (
				6984C37926C92E440012E9F5 /* abstract-factory.app */,
				6984C38F26C92E470012E9F5 /* abstract-factoryTests.xctest */,
				6984C39A26C92E470012E9F5 /* abstract-factoryUITests.xctest */,
			);
			name = Products;
			sourceTree = "<group>";
		};
		6984C37B26C92E440012E9F5 /* abstract-factory */ = {
			isa = PBXGroup;
			children = (
				6984C37C26C92E440012E9F5 /* AppDelegate.swift */,
				6984C37E26C92E440012E9F5 /* SceneDelegate.swift */,
				6984C38026C92E440012E9F5 /* ContentView.swift */,
				6984C38226C92E470012E9F5 /* Assets.xcassets */,
				6984C38726C92E470012E9F5 /* LaunchScreen.storyboard */,
				6984C38A26C92E470012E9F5 /* Info.plist */,
				6984C38426C92E470012E9F5 /* Preview Content */,
			);
			path = "abstract-factory";
			sourceTree = "<group>";
		};
		6984C38426C92E470012E9F5 /* Preview Content */ = {
			isa = PBXGroup;
			children = (
				6984C38526C92E470012E9F5 /* Preview Assets.xcassets */,
			);
			path = "Preview Content";
			sourceTree = "<group>";
		};
		6984C39226C92E470012E9F5 /* abstract-factoryTests */ = {
			isa = PBXGroup;
			children = (
				6984C39326C92E470012E9F5 /* abstract_factoryTests.swift */,
				6984C39526C92E470012E9F5 /* Info.plist */,
			);
			path = "abstract-factoryTests";
			sourceTree = "<group>";
		};
		6984C39D26C92E470012E9F5 /* abstract-factoryUITests */ = {
			isa = PBXGroup;
			children = (
				6984C39E26C92E470012E9F5 /* abstract_factoryUITests.swift */,
				6984C3A026C92E470012E9F5 /* Info.plist */,
			);
			path = "abstract-factoryUITests";
			sourceTree = "<group>";
		};
/* End PBXGroup section */

/* Begin PBXNativeTarget section */
		6984C37826C92E440012E9F5 /* abstract-factory */ = {
			isa = PBXNativeTarget;
			buildConfigurationList = 6984C3A326C92E470012E9F5 /* Build configuration list for PBXNativeTarget "abstract-factory" */;
			buildPhases = (
				6984C37526C92E440012E9F5 /* Sources */,
				6984C37626C92E440012E9F5 /* Frameworks */,
				6984C37726C92E440012E9F5 /* Resources */,
			);
			buildRules = (
			);
			dependencies = (
			);
			name = "abstract-factory";
			productName = "abstract-factory";
			productReference = 6984C37926C92E440012E9F5 /* abstract-factory.app */;
			productType = "com.apple.product-type.application";
		};
		6984C38E26C92E470012E9F5 /* abstract-factoryTests */ = {
			isa = PBXNativeTarget;
			buildConfigurationList = 6984C3A626C92E470012E9F5 /* Build configuration list for PBXNativeTarget "abstract-factoryTests" */;
			buildPhases = (
				6984C38B26C92E470012E9F5 /* Sources */,
				6984C38C26C92E470012E9F5 /* Frameworks */,
				6984C38D26C92E470012E9F5 /* Resources */,
			);
			buildRules = (
			);
			dependencies = (
				6984C39126C92E470012E9F5 /* PBXTargetDependency */,
			);
			name = "abstract-factoryTests";
			productName = "abstract-factoryTests";
			productReference = 6984C38F26C92E470012E9F5 /* abstract-factoryTests.xctest */;
			productType = "com.apple.product-type.bundle.unit-test";
		};
		6984C39926C92E470012E9F5 /* abstract-factoryUITests */ = {
			isa = PBXNativeTarget;
			buildConfigurationList = 6984C3A926C92E470012E9F5 /* Build configuration list for PBXNativeTarget "abstract-factoryUITests" */;
			buildPhases = (
				6984C39626C92E470012E9F5 /* Sources */,
				6984C39726C92E470012E9F5 /* Frameworks */,
				6984C39826C92E470012E9F5 /* Resources */,
			);
			buildRules = (
			);
			dependencies = (
				6984C39C26C92E470012E9F5 /* PBXTargetDependency */,
			);
			name = "abstract-factoryUITests";
			productName = "abstract-factoryUITests";
			productReference = 6984C39A26C92E470012E9F5 /* abstract-factoryUITests.xctest */;
			productType = "com.apple.product-type.bundle.ui-testing";
		};
/* End PBXNativeTarget section */

/* Begin PBXProject section */
		6984C37126C92E440012E9F5 /* Project object */ = {
			isa = PBXProject;
			attributes = {
				LastSwiftUpdateCheck = 1250;
				LastUpgradeCheck = 1250;
				TargetAttributes = {
					6984C37826C92E440012E9F5 = {
						CreatedOnToolsVersion = 12.5.1;
					};
					6984C38E26C92E470012E9F5 = {
						CreatedOnToolsVersion = 12.5.1;
						TestTargetID = 6984C37826C92E440012E9F5;
					};
					6984C39926C92E470012E9F5 = {
						CreatedOnToolsVersion = 12.5.1;
						TestTargetID = 6984C37826C92E440012E9F5;
					};
				};
			};
			buildConfigurationList = 6984C37426C92E440012E9F5 /* Build configuration list for PBXProject "abstract-factory" */;
			compatibilityVersion = "Xcode 9.3";
			developmentRegion = en;
			hasScannedForEncodings = 0;
			knownRegions = (
				en,
				Base,
			);
			mainGroup = 6984C37026C92E440012E9F5;
			productRefGroup = 6984C37A26C92E440012E9F5 /* Products */;
			projectDirPath = "";
			projectRoot = "";
			targets = (
				6984C37826C92E440012E9F5 /* abstract-factory */,
				6984C38E26C92E470012E9F5 /* abstract-factoryTests */,
				6984C39926C92E470012E9F5 /* abstract-factoryUITests */,
			);
		};
/* End PBXProject section */

/* Begin PBXResourcesBuildPhase section */
		6984C37726C92E440012E9F5 /* Resources */ = {
			isa = PBXResourcesBuildPhase;
			buildActionMask = 2147483647;
			files = (
				6984C38926C92E470012E9F5 /* LaunchScreen.storyboard in Resources */,
				6984C38626C92E470012E9F5 /* Preview Assets.xcassets in Resources */,
				6984C38326C92E470012E9F5 /* Assets.xcassets in Resources */,
			);
			runOnlyForDeploymentPostprocessing = 0;
		};
		6984C38D26C92E470012E9F5 /* Resources */ = {
			isa = PBXResourcesBuildPhase;
			buildActionMask = 2147483647;
			files = (
			);
			runOnlyForDeploymentPostprocessing = 0;
		};
		6984C39826C92E470012E9F5 /* Resources */ = {
			isa = PBXResourcesBuildPhase;
			buildActionMask = 2147483647;
			files = (
			);
			runOnlyForDeploymentPostprocessing = 0;
		};
/* End PBXResourcesBuildPhase section */

/* Begin PBXSourcesBuildPhase section */
		6984C37526C92E440012E9F5 /* Sources */ = {
			isa = PBXSourcesBuildPhase;
			buildActionMask = 2147483647;
			files = (
				6984C37D26C92E440012E9F5 /* AppDelegate.swift in Sources */,
				6984C37F26C92E440012E9F5 /* SceneDelegate.swift in Sources */,
				6984C38126C92E440012E9F5 /* ContentView.swift in Sources */,
			);
			runOnlyForDeploymentPostprocessing = 0;
		};
		6984C38B26C92E470012E9F5 /* Sources */ = {
			isa = PBXSourcesBuildPhase;
			buildActionMask = 2147483647;
			files = (
				6984C39426C92E470012E9F5 /* abstract_factoryTests.swift in Sources */,
			);
			runOnlyForDeploymentPostprocessing = 0;
		};
		6984C39626C92E470012E9F5 /* Sources */ = {
			isa = PBXSourcesBuildPhase;
			buildActionMask = 2147483647;
			files = (
				6984C39F26C92E470012E9F5 /* abstract_factoryUITests.swift in Sources */,
			);
			runOnlyForDeploymentPostprocessing = 0;
		};
/* End PBXSourcesBuildPhase section */

/* Begin PBXTargetDependency section */
		6984C39126C92E470012E9F5 /* PBXTargetDependency */ = {
			isa = PBXTargetDependency;
			target = 6984C37826C92E440012E9F5 /* abstract-factory */;
			targetProxy = 6984C39026C92E470012E9F5 /* PBXContainerItemProxy */;
		};
		6984C39C26C92E470012E9F5 /* PBXTargetDependency */ = {
			isa = PBXTargetDependency;
			target = 6984C37826C92E440012E9F5 /* abstract-factory */;
			targetProxy = 6984C39B26C92E470012E9F5 /* PBXContainerItemProxy */;
		};
/* End PBXTargetDependency section */

/* Begin PBXVariantGroup section */
		6984C38726C92E470012E9F5 /* LaunchScreen.storyboard */ = {
			isa = PBXVariantGroup;
			children = (
				6984C38826C92E470012E9F5 /* Base */,
			);
			name = LaunchScreen.storyboard;
			sourceTree = "<group>";
		};
/* End PBXVariantGroup section */

/* Begin XCBuildConfiguration section */
		6984C3A126C92E470012E9F5 /* Debug */ = {
			isa = XCBuildConfiguration;
			buildSettings = {
				ALWAYS_SEARCH_USER_PATHS = NO;
				CLANG_ANALYZER_NONNULL = YES;
				CLANG_ANALYZER_NUMBER_OBJECT_CONVERSION = YES_AGGRESSIVE;
				CLANG_CXX_LANGUAGE_STANDARD = "gnu++14";
				CLANG_CXX_LIBRARY = "libc++";
				CLANG_ENABLE_MODULES = YES;
				CLANG_ENABLE_OBJC_ARC = YES;
				CLANG_ENABLE_OBJC_WEAK = YES;
				CLANG_WARN_BLOCK_CAPTURE_AUTORELEASING = YES;
				CLANG_WARN_BOOL_CONVERSION = YES;
				CLANG_WARN_COMMA = YES;
				CLANG_WARN_CONSTANT_CONVERSION = YES;
				CLANG_WARN_DEPRECATED_OBJC_IMPLEMENTATIONS = YES;
				CLANG_WARN_DIRECT_OBJC_ISA_USAGE = YES_ERROR;
				CLANG_WARN_DOCUMENTATION_COMMENTS = YES;
				CLANG_WARN_EMPTY_BODY = YES;
				CLANG_WARN_ENUM_CONVERSION = YES;
				CLANG_WARN_INFINITE_RECURSION = YES;
				CLANG_WARN_INT_CONVERSION = YES;
				CLANG_WARN_NON_LITERAL_NULL_CONVERSION = YES;
				CLANG_WARN_OBJC_IMPLICIT_RETAIN_SELF = YES;
				CLANG_WARN_OBJC_LITERAL_CONVERSION = YES;
				CLANG_WARN_OBJC_ROOT_CLASS = YES_ERROR;
				CLANG_WARN_QUOTED_INCLUDE_IN_FRAMEWORK_HEADER = YES;
				CLANG_WARN_RANGE_LOOP_ANALYSIS = YES;
				CLANG_WARN_STRICT_PROTOTYPES = YES;
				CLANG_WARN_SUSPICIOUS_MOVE = YES;
				CLANG_WARN_UNGUARDED_AVAILABILITY = YES_AGGRESSIVE;
				CLANG_WARN_UNREACHABLE_CODE = YES;
				CLANG_WARN__DUPLICATE_METHOD_MATCH = YES;
				COPY_PHASE_STRIP = NO;
				DEBUG_INFORMATION_FORMAT = dwarf;
				ENABLE_STRICT_OBJC_MSGSEND = YES;
				ENABLE_TESTABILITY = YES;
				GCC_C_LANGUAGE_STANDARD = gnu11;
				GCC_DYNAMIC_NO_PIC = NO;
				GCC_NO_COMMON_BLOCKS = YES;
				GCC_OPTIMIZATION_LEVEL = 0;
				GCC_PREPROCESSOR_DEFINITIONS = (
					"DEBUG=1",
					"$(inherited)",
				);
				GCC_WARN_64_TO_32_BIT_CONVERSION = YES;
				GCC_WARN_ABOUT_RETURN_TYPE = YES_ERROR;
				GCC_WARN_UNDECLARED_SELECTOR = YES;
				GCC_WARN_UNINITIALIZED_AUTOS = YES_AGGRESSIVE;
				GCC_WARN_UNUSED_FUNCTION = YES;
				GCC_WARN_UNUSED_VARIABLE = YES;
				IPHONEOS_DEPLOYMENT_TARGET = 14.5;
				MTL_ENABLE_DEBUG_INFO = INCLUDE_SOURCE;
				MTL_FAST_MATH = YES;
				ONLY_ACTIVE_ARCH = YES;
				SDKROOT = iphoneos;
				SWIFT_ACTIVE_COMPILATION_CONDITIONS = DEBUG;
				SWIFT_OPTIMIZATION_LEVEL = "-Onone";
			};
			name = Debug;
		};
		6984C3A226C92E470012E9F5 /* Release */ = {
			isa = XCBuildConfiguration;
			buildSettings = {
				ALWAYS_SEARCH_USER_PATHS = NO;
				CLANG_ANALYZER_NONNULL = YES;
				CLANG_ANALYZER_NUMBER_OBJECT_CONVERSION = YES_AGGRESSIVE;
				CLANG_CXX_LANGUAGE_STANDARD = "gnu++14";
				CLANG_CXX_LIBRARY = "libc++";
				CLANG_ENABLE_MODULES = YES;
				CLANG_ENABLE_OBJC_ARC = YES;
				CLANG_ENABLE_OBJC_WEAK = YES;
				CLANG_WARN_BLOCK_CAPTURE_AUTORELEASING = YES;
				CLANG_WARN_BOOL_CONVERSION = YES;
				CLANG_WARN_COMMA = YES;
				CLANG_WARN_CONSTANT_CONVERSION = YES;
				CLANG_WARN_DEPRECATED_OBJC_IMPLEMENTATIONS = YES;
				CLANG_WARN_DIRECT_OBJC_ISA_USAGE = YES_ERROR;
				CLANG_WARN_DOCUMENTATION_COMMENTS = YES;
				CLANG_WARN_EMPTY_BODY = YES;
				CLANG_WARN_ENUM_CONVERSION = YES;
				CLANG_WARN_INFINITE_RECURSION = YES;
				CLANG_WARN_INT_CONVERSION = YES;
				CLANG_WARN_NON_LITERAL_NULL_CONVERSION = YES;
				CLANG_WARN_OBJC_IMPLICIT_RETAIN_SELF = YES;
				CLANG_WARN_OBJC_LITERAL_CONVERSION = YES;
				CLANG_WARN_OBJC_ROOT_CLASS = YES_ERROR;
				CLANG_WARN_QUOTED_INCLUDE_IN_FRAMEWORK_HEADER = YES;
				CLANG_WARN_RANGE_LOOP_ANALYSIS = YES;
				CLANG_WARN_STRICT_PROTOTYPES = YES;
				CLANG_WARN_SUSPICIOUS_MOVE = YES;
				CLANG_WARN_UNGUARDED_AVAILABILITY = YES_AGGRESSIVE;
				CLANG_WARN_UNREACHABLE_CODE = YES;
				CLANG_WARN__DUPLICATE_METHOD_MATCH = YES;
				COPY_PHASE_STRIP = NO;
				DEBUG_INFORMATION_FORMAT = "dwarf-with-dsym";
				ENABLE_NS_ASSERTIONS = NO;
				ENABLE_STRICT_OBJC_MSGSEND = YES;
				GCC_C_LANGUAGE_STANDARD = gnu11;
				GCC_NO_COMMON_BLOCKS = YES;
				GCC_WARN_64_TO_32_BIT_CONVERSION = YES;
				GCC_WARN_ABOUT_RETURN_TYPE = YES_ERROR;
				GCC_WARN_UNDECLARED_SELECTOR = YES;
				GCC_WARN_UNINITIALIZED_AUTOS = YES_AGGRESSIVE;
				GCC_WARN_UNUSED_FUNCTION = YES;
				GCC_WARN_UNUSED_VARIABLE = YES;
				IPHONEOS_DEPLOYMENT_TARGET = 14.5;
				MTL_ENABLE_DEBUG_INFO = NO;
				MTL_FAST_MATH = YES;
				SDKROOT = iphoneos;
				SWIFT_COMPILATION_MODE = wholemodule;
				SWIFT_OPTIMIZATION_LEVEL = "-O";
				VALIDATE_PRODUCT = YES;
			};
			name = Release;
		};
		6984C3A426C92E470012E9F5 /* Debug */ = {
			isa = XCBuildConfiguration;
			buildSettings = {
				ASSETCATALOG_COMPILER_APPICON_NAME = AppIcon;
				ASSETCATALOG_COMPILER_GLOBAL_ACCENT_COLOR_NAME = AccentColor;
				CODE_SIGN_STYLE = Automatic;
				DEVELOPMENT_ASSET_PATHS = "\"abstract-factory/Preview Content\"";
				DEVELOPMENT_TEAM = 882TF7D39M;
				ENABLE_PREVIEWS = YES;
				INFOPLIST_FILE = "abstract-factory/Info.plist";
				LD_RUNPATH_SEARCH_PATHS = (
					"$(inherited)",
					"@executable_path/Frameworks",
				);
				PRODUCT_BUNDLE_IDENTIFIER = "com.gdc.abstract-factory";
				PRODUCT_NAME = "$(TARGET_NAME)";
				SWIFT_VERSION = 5.0;
				TARGETED_DEVICE_FAMILY = "1,2";
			};
			name = Debug;
		};
		6984C3A526C92E470012E9F5 /* Release */ = {
			isa = XCBuildConfiguration;
			buildSettings = {
				ASSETCATALOG_COMPILER_APPICON_NAME = AppIcon;
				ASSETCATALOG_COMPILER_GLOBAL_ACCENT_COLOR_NAME = AccentColor;
				CODE_SIGN_STYLE = Automatic;
				DEVELOPMENT_ASSET_PATHS = "\"abstract-factory/Preview Content\"";
				DEVELOPMENT_TEAM = 882TF7D39M;
				ENABLE_PREVIEWS = YES;
				INFOPLIST_FILE = "abstract-factory/Info.plist";
				LD_RUNPATH_SEARCH_PATHS = (
					"$(inherited)",
					"@executable_path/Frameworks",
				);
				PRODUCT_BUNDLE_IDENTIFIER = "com.gdc.abstract-factory";
				PRODUCT_NAME = "$(TARGET_NAME)";
				SWIFT_VERSION = 5.0;
				TARGETED_DEVICE_FAMILY = "1,2";
			};
			name = Release;
		};
		6984C3A726C92E470012E9F5 /* Debug */ = {
			isa = XCBuildConfiguration;
			buildSettings = {
				ALWAYS_EMBED_SWIFT_STANDARD_LIBRARIES = YES;
				BUNDLE_LOADER = "$(TEST_HOST)";
				CODE_SIGN_STYLE = Automatic;
				DEVELOPMENT_TEAM = 882TF7D39M;
				INFOPLIST_FILE = "abstract-factoryTests/Info.plist";
				IPHONEOS_DEPLOYMENT_TARGET = 14.5;
				LD_RUNPATH_SEARCH_PATHS = (
					"$(inherited)",
					"@executable_path/Frameworks",
					"@loader_path/Frameworks",
				);
				PRODUCT_BUNDLE_IDENTIFIER = "com.gdc.abstract-factoryTests";
				PRODUCT_NAME = "$(TARGET_NAME)";
				SWIFT_VERSION = 5.0;
				TARGETED_DEVICE_FAMILY = "1,2";
				TEST_HOST = "$(BUILT_PRODUCTS_DIR)/abstract-factory.app/abstract-factory";
			};
			name = Debug;
		};
		6984C3A826C92E470012E9F5 /* Release */ = {
			isa = XCBuildConfiguration;
			buildSettings = {
				ALWAYS_EMBED_SWIFT_STANDARD_LIBRARIES = YES;
				BUNDLE_LOADER = "$(TEST_HOST)";
				CODE_SIGN_STYLE = Automatic;
				DEVELOPMENT_TEAM = 882TF7D39M;
				INFOPLIST_FILE = "abstract-factoryTests/Info.plist";
				IPHONEOS_DEPLOYMENT_TARGET = 14.5;
				LD_RUNPATH_SEARCH_PATHS = (
					"$(inherited)",
					"@executable_path/Frameworks",
					"@loader_path/Frameworks",
				);
				PRODUCT_BUNDLE_IDENTIFIER = "com.gdc.abstract-factoryTests";
				PRODUCT_NAME = "$(TARGET_NAME)";
				SWIFT_VERSION = 5.0;
				TARGETED_DEVICE_FAMILY = "1,2";
				TEST_HOST = "$(BUILT_PRODUCTS_DIR)/abstract-factory.app/abstract-factory";
			};
			name = Release;
		};
		6984C3AA26C92E470012E9F5 /* Debug */ = {
			isa = XCBuildConfiguration;
			buildSettings = {
				ALWAYS_EMBED_SWIFT_STANDARD_LIBRARIES = YES;
				CODE_SIGN_STYLE = Automatic;
				DEVELOPMENT_TEAM = 882TF7D39M;
				INFOPLIST_FILE = "abstract-factoryUITests/Info.plist";
				LD_RUNPATH_SEARCH_PATHS = (
					"$(inherited)",
					"@executable_path/Frameworks",
					"@loader_path/Frameworks",
				);
				PRODUCT_BUNDLE_IDENTIFIER = "com.gdc.abstract-factoryUITests";
				PRODUCT_NAME = "$(TARGET_NAME)";
				SWIFT_VERSION = 5.0;
				TARGETED_DEVICE_FAMILY = "1,2";
				TEST_TARGET_NAME = "abstract-factory";
			};
			name = Debug;
		};
		6984C3AB26C92E470012E9F5 /* Release */ = {
			isa = XCBuildConfiguration;
			buildSettings = {
				ALWAYS_EMBED_SWIFT_STANDARD_LIBRARIES = YES;
				CODE_SIGN_STYLE = Automatic;
				DEVELOPMENT_TEAM = 882TF7D39M;
				INFOPLIST_FILE = "abstract-factoryUITests/Info.plist";
				LD_RUNPATH_SEARCH_PATHS = (
					"$(inherited)",
					"@executable_path/Frameworks",
					"@loader_path/Frameworks",
				);
				PRODUCT_BUNDLE_IDENTIFIER = "com.gdc.abstract-factoryUITests";
				PRODUCT_NAME = "$(TARGET_NAME)";
				SWIFT_VERSION = 5.0;
				TARGETED_DEVICE_FAMILY = "1,2";
				TEST_TARGET_NAME = "abstract-factory";
			};
			name = Release;
		};
/* End XCBuildConfiguration section */

/* Begin XCConfigurationList section */
		6984C37426C92E440012E9F5 /* Build configuration list for PBXProject "abstract-factory" */ = {
			isa = XCConfigurationList;
			buildConfigurations = (
				6984C3A126C92E470012E9F5 /* Debug */,
				6984C3A226C92E470012E9F5 /* Release */,
			);
			defaultConfigurationIsVisible = 0;
			defaultConfigurationName = Release;
		};
		6984C3A326C92E470012E9F5 /* Build configuration list for PBXNativeTarget "abstract-factory" */ = {
			isa = XCConfigurationList;
			buildConfigurations = (
				6984C3A426C92E470012E9F5 /* Debug */,
				6984C3A526C92E470012E9F5 /* Release */,
			);
			defaultConfigurationIsVisible = 0;
			defaultConfigurationName = Release;
		};
		6984C3A626C92E470012E9F5 /* Build configuration list for PBXNativeTarget "abstract-factoryTests" */ = {
			isa = XCConfigurationList;
			buildConfigurations = (
				6984C3A726C92E470012E9F5 /* Debug */,
				6984C3A826C92E470012E9F5 /* Release */,
			);
			defaultConfigurationIsVisible = 0;
			defaultConfigurationName = Release;
		};
		6984C3A926C92E470012E9F5 /* Build configuration list for PBXNativeTarget "abstract-factoryUITests" */ = {
			isa = XCConfigurationList;
			buildConfigurations = (
				6984C3AA26C92E470012E9F5 /* Debug */,
				6984C3AB26C92E470012E9F5 /* Release */,
			);
			defaultConfigurationIsVisible = 0;
			defaultConfigurationName = Release;
		};
/* End XCConfigurationList section */
	};
	rootObject = 6984C37126C92E440012E9F5 /* Project object */;
}
